
Microsoft Visual Studio Solution File, Format Version 12.00
# Visual Studio Version 17
VisualStudioVersion = 17.3.32811.315
MinimumVisualStudioVersion = 10.0.40219.1
Project("{FAE04EC0-301F-11D3-BF4B-00C04F79EFBC}") = "ConsimpleTestTask", "ConsimpleTestTask\ConsimpleTestTask.csproj", "{212F7FB3-3CB1-4B4E-85AC-3532F60AC9AD}"
EndProject
Global
	GlobalSection(SolutionConfigurationPlatforms) = preSolution
		Debug|Any CPU = Debug|Any CPU
		Release|Any CPU = Release|Any CPU
	EndGlobalSection
	GlobalSection(ProjectConfigurationPlatforms) = postSolution
		{212F7FB3-3CB1-4B4E-85AC-3532F60AC9AD}.Debug|Any CPU.ActiveCfg = Debug|Any CPU
		{212F7FB3-3CB1-4B4E-85AC-3532F60AC9AD}.Debug|Any CPU.Build.0 = Debug|Any CPU
		{212F7FB3-3CB1-4B4E-85AC-3532F60AC9AD}.Release|Any CPU.ActiveCfg = Release|Any CPU
		{212F7FB3-3CB1-4B4E-85AC-3532F60AC9AD}.Release|Any CPU.Build.0 = Release|Any CPU
	EndGlobalSection
	GlobalSection(SolutionProperties) = preSolution
		HideSolutionNode = FALSE
	EndGlobalSection
	GlobalSection(ExtensibilityGlobals) = postSolution
		SolutionGuid = {F9082A0F-5BB4-4A75-B1D1-677F4D24A318}
	EndGlobalSection
EndGlobal
